
Microsoft Visual Studio Solution File, Format Version 12.00
# Visual Studio Version 17
VisualStudioVersion = 17.4.33213.308
MinimumVisualStudioVersion = 10.0.40219.1
Project("{2150E333-8FDC-42A3-9474-1A3956D46DE8}") = "BLL", "BLL", "{D7338E1C-E051-42DF-9314-02D18C042B0D}"
EndProject
Project("{2150E333-8FDC-42A3-9474-1A3956D46DE8}") = "DAL", "DAL", "{6B64850C-19E4-4E6A-979B-A8D334930131}"
EndProject
Project("{2150E333-8FDC-42A3-9474-1A3956D46DE8}") = "PRE", "PRE", "{7B31D362-CB02-4E8B-9D6F-D6B923B1672D}"
EndProject
Project("{2150E333-8FDC-42A3-9474-1A3956D46DE8}") = "API", "API", "{76905D1B-59EE-4FBB-943C-079368EEF2C0}"
EndProject
Project("{2150E333-8FDC-42A3-9474-1A3956D46DE8}") = "TEST", "TEST", "{BE6FFABB-2980-43AB-A53A-0E1480A92F1E}"
EndProject
Project("{9A19103F-16F7-4668-BE54-9A1E7A4F7556}") = "Shop.API", "Shop.API\Shop.API.csproj", "{7384A0FD-F14B-4ECD-9073-231940A4D95A}"
EndProject
Project("{9A19103F-16F7-4668-BE54-9A1E7A4F7556}") = "Shop.BLL", "Shop.BLL\Shop.BLL.csproj", "{67500546-FDDA-4A9F-B25B-1B7622FE1047}"
EndProject
Project("{9A19103F-16F7-4668-BE54-9A1E7A4F7556}") = "Shop.DAL", "Shop.DAL\Shop.DAL.csproj", "{6E0452C5-8241-4CFB-B217-5545B4F25469}"
EndProject
Project("{9A19103F-16F7-4668-BE54-9A1E7A4F7556}") = "Shop.Web", "Shop.Web\Shop.Web.csproj", "{09F6AED8-D5BA-4D3B-AF10-1A566C0DE973}"
EndProject
Project("{9A19103F-16F7-4668-BE54-9A1E7A4F7556}") = "Shop.TEST", "Shop.TEST\Shop.TEST.csproj", "{8D7F823E-D61F-4E9A-9439-AB48189BF242}"
EndProject
Global
	GlobalSection(SolutionConfigurationPlatforms) = preSolution
		Debug|Any CPU = Debug|Any CPU
		Release|Any CPU = Release|Any CPU
	EndGlobalSection
	GlobalSection(ProjectConfigurationPlatforms) = postSolution
		{7384A0FD-F14B-4ECD-9073-231940A4D95A}.Debug|Any CPU.ActiveCfg = Debug|Any CPU
		{7384A0FD-F14B-4ECD-9073-231940A4D95A}.Debug|Any CPU.Build.0 = Debug|Any CPU
		{7384A0FD-F14B-4ECD-9073-231940A4D95A}.Release|Any CPU.ActiveCfg = Release|Any CPU
		{7384A0FD-F14B-4ECD-9073-231940A4D95A}.Release|Any CPU.Build.0 = Release|Any CPU
		{67500546-FDDA-4A9F-B25B-1B7622FE1047}.Debug|Any CPU.ActiveCfg = Debug|Any CPU
		{67500546-FDDA-4A9F-B25B-1B7622FE1047}.Debug|Any CPU.Build.0 = Debug|Any CPU
		{67500546-FDDA-4A9F-B25B-1B7622FE1047}.Release|Any CPU.ActiveCfg = Release|Any CPU
		{67500546-FDDA-4A9F-B25B-1B7622FE1047}.Release|Any CPU.Build.0 = Release|Any CPU
		{6E0452C5-8241-4CFB-B217-5545B4F25469}.Debug|Any CPU.ActiveCfg = Debug|Any CPU
		{6E0452C5-8241-4CFB-B217-5545B4F25469}.Debug|Any CPU.Build.0 = Debug|Any CPU
		{6E0452C5-8241-4CFB-B217-5545B4F25469}.Release|Any CPU.ActiveCfg = Release|Any CPU
		{6E0452C5-8241-4CFB-B217-5545B4F25469}.Release|Any CPU.Build.0 = Release|Any CPU
		{09F6AED8-D5BA-4D3B-AF10-1A566C0DE973}.Debug|Any CPU.ActiveCfg = Debug|Any CPU
		{09F6AED8-D5BA-4D3B-AF10-1A566C0DE973}.Debug|Any CPU.Build.0 = Debug|Any CPU
		{09F6AED8-D5BA-4D3B-AF10-1A566C0DE973}.Release|Any CPU.ActiveCfg = Release|Any CPU
		{09F6AED8-D5BA-4D3B-AF10-1A566C0DE973}.Release|Any CPU.Build.0 = Release|Any CPU
		{8D7F823E-D61F-4E9A-9439-AB48189BF242}.Debug|Any CPU.ActiveCfg = Debug|Any CPU
		{8D7F823E-D61F-4E9A-9439-AB48189BF242}.Debug|Any CPU.Build.0 = Debug|Any CPU
		{8D7F823E-D61F-4E9A-9439-AB48189BF242}.Release|Any CPU.ActiveCfg = Release|Any CPU
		{8D7F823E-D61F-4E9A-9439-AB48189BF242}.Release|Any CPU.Build.0 = Release|Any CPU
	EndGlobalSection
	GlobalSection(SolutionProperties) = preSolution
		HideSolutionNode = FALSE
	EndGlobalSection
	GlobalSection(NestedProjects) = preSolution
		{7384A0FD-F14B-4ECD-9073-231940A4D95A} = {76905D1B-59EE-4FBB-943C-079368EEF2C0}
		{67500546-FDDA-4A9F-B25B-1B7622FE1047} = {D7338E1C-E051-42DF-9314-02D18C042B0D}
		{6E0452C5-8241-4CFB-B217-5545B4F25469} = {6B64850C-19E4-4E6A-979B-A8D334930131}
		{09F6AED8-D5BA-4D3B-AF10-1A566C0DE973} = {7B31D362-CB02-4E8B-9D6F-D6B923B1672D}
		{8D7F823E-D61F-4E9A-9439-AB48189BF242} = {BE6FFABB-2980-43AB-A53A-0E1480A92F1E}
	EndGlobalSection
	GlobalSection(ExtensibilityGlobals) = postSolution
		SolutionGuid = {779BA1E8-6E14-4004-86CE-C307D6F288EC}
	EndGlobalSection
EndGlobal
